{
  "name": "setup-ignite-nlw-depscan-fixture",
  "version": "1.0.0",
  "lockfileVersion": 3,
  "requires": true,
  "packages": {
    "": {
      "name": "setup-ignite-nlw-depscan-fixture",
      "version": "1.0.0",
      "dependencies": {
        "bootstrap": "4.3.1",
        "ckeditor": "4.7.3",
        "jquery": "3.4.1",
        "lodash": "4.17.11",
        "tinymce": "4.5.7"
      }
    },
    "node_modules/bootstrap": {
      "version": "4.3.1",
      "resolved": "https://registry.npmjs.org/bootstrap/-/bootstrap-4.3.1.tgz",
      "integrity": "sha512-rXqOmH1VilAt2DyPzluTi2blhk17bO7ef+zLLPlWvG494pDxcM234pJ8wTc/6R40UWizAIIMgxjvxZg5kmsbag==",
      "deprecated": "This version of Bootstrap is no longer supported. Please upgrade to the latest version.",
      "license": "MIT",
      "engines": {
        "node": ">=6"
      },
      "peerDependencies": {
        "jquery": "1.9.1 - 3",
        "popper.js": "^1.14.7"
      }
    },
    "node_modules/ckeditor": {
      "version": "4.7.3",
      "resolved": "https://registry.npmjs.org/ckeditor/-/ckeditor-4.7.3.tgz",
      "integrity": "sha512-Ze1HXKQ1GCGDem6UXW9bd9Rnu/6VF9oAlBdJO3DG9ulRLkCMka7gPi8BLFwJsf4pOp9ZgDLqrZt9UyRD5ZoQHA==",
      "deprecated": "We have renamed the @ckeditor package. New versions are available under the @ckeditor4 name.",
      "license": "(GPL-2.0 OR LGPL-2.1 OR MPL-1.1)"
    },
    "node_modules/jquery": {
      "version": "3.4.1",
      "resolved": "https://registry.npmjs.org/jquery/-/jquery-3.4.1.tgz",
      "integrity": "sha512-36+AdBzCL+y6qjw5Tx7HgzeGCzC81MDDgaUP8ld2zhx58HdqXGoBd+tHdrBMiyjGQs0Hxs/MLZTu/eHNJJuWPw==",
      "deprecated": "This version is deprecated. Please upgrade to the latest version or find support at https://www.herodevs.com/support/jquery-nes.",
      "license": "MIT"
    },
    "node_modules/lodash": {
      "version": "4.17.11",
      "resolved": "https://registry.npmjs.org/lodash/-/lodash-4.17.11.tgz",
      "integrity": "sha512-cQKh8igo5QUhZ7lg38DYWAxMvjSAKG0A8wGSVimP07SIUEK2UO+arSRKbRZWtelMtN5V0Hkwh5ryOto/SshYIg==",
      "license": "MIT"
    },
    "node_modules/popper.js": {
      "version": "1.16.1",
      "resolved": "https://registry.npmjs.org/popper.js/-/popper.js-1.16.1.tgz",
      "integrity": "sha512-Wb4p1J4zyFTbM+u6WuO4XstYx4Ky9Cewe4DWrel7B0w6VVICvPwdOpotjzcf6eD8TsckVnIMNONQyPIUFOUbCQ==",
      "deprecated": "You can find the new Popper v2 at @popperjs/core, this package is dedicated to the legacy v1",
      "license": "MIT",
      "peer": true,
      "funding": {
        "type": "opencollective",
        "url": "https://opencollective.com/popperjs"
      }
    },
    "node_modules/tinymce": {
      "version": "4.5.7",
      "resolved": "https://registry.npmjs.org/tinymce/-/tinymce-4.5.7.tgz",
      "integrity": "sha512-zniKbtjkm0zOnZ+6cG0xGeJCK85VP8cqQHISp9mUEMuG9zI/I3zmfwUPDhgR2PYUN/7bLaeC2f9/yz2j4r8OUA==",
      "license": "LGPL-2.1"
    }
  }
}
